
Microsoft Visual Studio Solution File, Format Version 12.00
# Visual Studio Version 17
VisualStudioVersion = 17.5.33414.496
MinimumVisualStudioVersion = 10.0.40219.1
Project("{FAE04EC0-301F-11D3-BF4B-00C04F79EFBC}") = "SimpleConsoleClient", "SimpleConsoleClient.csproj", "{01AA0901-6A4C-4640-85C2-67095738F062}"
EndProject
Global
	GlobalSection(SolutionConfigurationPlatforms) = preSolution
		Debug|Any CPU = Debug|Any CPU
		Release|Any CPU = Release|Any CPU
	EndGlobalSection
	GlobalSection(ProjectConfigurationPlatforms) = postSolution
		{01AA0901-6A4C-4640-85C2-67095738F062}.Debug|Any CPU.ActiveCfg = Debug|Any CPU
		{01AA0901-6A4C-4640-85C2-67095738F062}.Debug|Any CPU.Build.0 = Debug|Any CPU
		{01AA0901-6A4C-4640-85C2-67095738F062}.Release|Any CPU.ActiveCfg = Release|Any CPU
		{01AA0901-6A4C-4640-85C2-67095738F062}.Release|Any CPU.Build.0 = Release|Any CPU
	EndGlobalSection
	GlobalSection(SolutionProperties) = preSolution
		HideSolutionNode = FALSE
	EndGlobalSection
	GlobalSection(ExtensibilityGlobals) = postSolution
		SolutionGuid = {022F5758-A83A-4738-B75A-8592DC880F3B}
	EndGlobalSection
EndGlobal
